
Microsoft Visual Studio Solution File, Format Version 12.00
# Visual Studio Version 17
VisualStudioVersion = 17.9.34616.47
MinimumVisualStudioVersion = 10.0.40219.1
Project("{FAE04EC0-301F-11D3-BF4B-00C04F79EFBC}") = "modul7_kelompok5", "modul7_kelompok5\modul7_kelompok5.csproj", "{B84BC990-75B4-4B3E-8544-C6D21D6C8A97}"
EndProject
Global
	GlobalSection(SolutionConfigurationPlatforms) = preSolution
		Debug|Any CPU = Debug|Any CPU
		Release|Any CPU = Release|Any CPU
	EndGlobalSection
	GlobalSection(ProjectConfigurationPlatforms) = postSolution
		{B84BC990-75B4-4B3E-8544-C6D21D6C8A97}.Debug|Any CPU.ActiveCfg = Debug|Any CPU
		{B84BC990-75B4-4B3E-8544-C6D21D6C8A97}.Debug|Any CPU.Build.0 = Debug|Any CPU
		{B84BC990-75B4-4B3E-8544-C6D21D6C8A97}.Release|Any CPU.ActiveCfg = Release|Any CPU
		{B84BC990-75B4-4B3E-8544-C6D21D6C8A97}.Release|Any CPU.Build.0 = Release|Any CPU
	EndGlobalSection
	GlobalSection(SolutionProperties) = preSolution
		HideSolutionNode = FALSE
	EndGlobalSection
	GlobalSection(ExtensibilityGlobals) = postSolution
		SolutionGuid = {49B1566C-AE03-4562-A0C1-FA62F4B45949}
	EndGlobalSection
EndGlobal
